
Microsoft Visual Studio Solution File, Format Version 12.00
# Visual Studio 14
VisualStudioVersion = 14.0.25420.1
MinimumVisualStudioVersion = 10.0.40219.1
Project("{FAE04EC0-301F-11D3-BF4B-00C04F79EFBC}") = "LiteNetLib", "LiteNetLib\LiteNetLib.csproj", "{B0A014E4-0392-4E35-AA42-8FB5A40417E0}"
EndProject
Project("{FAE04EC0-301F-11D3-BF4B-00C04F79EFBC}") = "LibSample", "LibSample\LibSample.csproj", "{EF232CBE-04C8-4FD9-AE26-2F7EBBE81699}"
EndProject
Project("{FAE04EC0-301F-11D3-BF4B-00C04F79EFBC}") = "PortMap", "PortMap\PortMap.csproj", "{60AA6505-A573-4AA6-9CC7-DEAA8BC39E8F}"
EndProject
Project("{FAE04EC0-301F-11D3-BF4B-00C04F79EFBC}") = "TestPortMap", "TestPortMap\TestPortMap.csproj", "{D99320BF-EF8E-4850-96DB-D8AECE2A5DE7}"
EndProject
Global
	GlobalSection(SolutionConfigurationPlatforms) = preSolution
		Debug|Any CPU = Debug|Any CPU
		Debug|ARM = Debug|ARM
		Debug|x64 = Debug|x64
		Debug|x86 = Debug|x86
		Release|Any CPU = Release|Any CPU
		Release|ARM = Release|ARM
		Release|x64 = Release|x64
		Release|x86 = Release|x86
	EndGlobalSection
	GlobalSection(ProjectConfigurationPlatforms) = postSolution
		{B0A014E4-0392-4E35-AA42-8FB5A40417E0}.Debug|Any CPU.ActiveCfg = Debug|Any CPU
		{B0A014E4-0392-4E35-AA42-8FB5A40417E0}.Debug|Any CPU.Build.0 = Debug|Any CPU
		{B0A014E4-0392-4E35-AA42-8FB5A40417E0}.Debug|ARM.ActiveCfg = Debug|Any CPU
		{B0A014E4-0392-4E35-AA42-8FB5A40417E0}.Debug|ARM.Build.0 = Debug|Any CPU
		{B0A014E4-0392-4E35-AA42-8FB5A40417E0}.Debug|x64.ActiveCfg = Debug|Any CPU
		{B0A014E4-0392-4E35-AA42-8FB5A40417E0}.Debug|x64.Build.0 = Debug|Any CPU
		{B0A014E4-0392-4E35-AA42-8FB5A40417E0}.Debug|x86.ActiveCfg = Debug|Any CPU
		{B0A014E4-0392-4E35-AA42-8FB5A40417E0}.Debug|x86.Build.0 = Debug|Any CPU
		{B0A014E4-0392-4E35-AA42-8FB5A40417E0}.Release|Any CPU.ActiveCfg = Release|Any CPU
		{B0A014E4-0392-4E35-AA42-8FB5A40417E0}.Release|Any CPU.Build.0 = Release|Any CPU
		{B0A014E4-0392-4E35-AA42-8FB5A40417E0}.Release|ARM.ActiveCfg = Release|Any CPU
		{B0A014E4-0392-4E35-AA42-8FB5A40417E0}.Release|ARM.Build.0 = Release|Any CPU
		{B0A014E4-0392-4E35-AA42-8FB5A40417E0}.Release|x64.ActiveCfg = Release|Any CPU
		{B0A014E4-0392-4E35-AA42-8FB5A40417E0}.Release|x64.Build.0 = Release|Any CPU
		{B0A014E4-0392-4E35-AA42-8FB5A40417E0}.Release|x86.ActiveCfg = Release|Any CPU
		{B0A014E4-0392-4E35-AA42-8FB5A40417E0}.Release|x86.Build.0 = Release|Any CPU
		{EF232CBE-04C8-4FD9-AE26-2F7EBBE81699}.Debug|Any CPU.ActiveCfg = Debug|Any CPU
		{EF232CBE-04C8-4FD9-AE26-2F7EBBE81699}.Debug|Any CPU.Build.0 = Debug|Any CPU
		{EF232CBE-04C8-4FD9-AE26-2F7EBBE81699}.Debug|ARM.ActiveCfg = Debug|Any CPU
		{EF232CBE-04C8-4FD9-AE26-2F7EBBE81699}.Debug|ARM.Build.0 = Debug|Any CPU
		{EF232CBE-04C8-4FD9-AE26-2F7EBBE81699}.Debug|x64.ActiveCfg = Debug|Any CPU
		{EF232CBE-04C8-4FD9-AE26-2F7EBBE81699}.Debug|x64.Build.0 = Debug|Any CPU
		{EF232CBE-04C8-4FD9-AE26-2F7EBBE81699}.Debug|x86.ActiveCfg = Debug|Any CPU
		{EF232CBE-04C8-4FD9-AE26-2F7EBBE81699}.Debug|x86.Build.0 = Debug|Any CPU
		{EF232CBE-04C8-4FD9-AE26-2F7EBBE81699}.Release|Any CPU.ActiveCfg = Release|Any CPU
		{EF232CBE-04C8-4FD9-AE26-2F7EBBE81699}.Release|Any CPU.Build.0 = Release|Any CPU
		{EF232CBE-04C8-4FD9-AE26-2F7EBBE81699}.Release|ARM.ActiveCfg = Release|Any CPU
		{EF232CBE-04C8-4FD9-AE26-2F7EBBE81699}.Release|ARM.Build.0 = Release|Any CPU
		{EF232CBE-04C8-4FD9-AE26-2F7EBBE81699}.Release|x64.ActiveCfg = Release|Any CPU
		{EF232CBE-04C8-4FD9-AE26-2F7EBBE81699}.Release|x64.Build.0 = Release|Any CPU
		{EF232CBE-04C8-4FD9-AE26-2F7EBBE81699}.Release|x86.ActiveCfg = Release|Any CPU
		{EF232CBE-04C8-4FD9-AE26-2F7EBBE81699}.Release|x86.Build.0 = Release|Any CPU
		{60AA6505-A573-4AA6-9CC7-DEAA8BC39E8F}.Debug|Any CPU.ActiveCfg = Debug|Any CPU
		{60AA6505-A573-4AA6-9CC7-DEAA8BC39E8F}.Debug|Any CPU.Build.0 = Debug|Any CPU
		{60AA6505-A573-4AA6-9CC7-DEAA8BC39E8F}.Debug|ARM.ActiveCfg = Debug|Any CPU
		{60AA6505-A573-4AA6-9CC7-DEAA8BC39E8F}.Debug|ARM.Build.0 = Debug|Any CPU
		{60AA6505-A573-4AA6-9CC7-DEAA8BC39E8F}.Debug|x64.ActiveCfg = Debug|Any CPU
		{60AA6505-A573-4AA6-9CC7-DEAA8BC39E8F}.Debug|x64.Build.0 = Debug|Any CPU
		{60AA6505-A573-4AA6-9CC7-DEAA8BC39E8F}.Debug|x86.ActiveCfg = Debug|Any CPU
		{60AA6505-A573-4AA6-9CC7-DEAA8BC39E8F}.Debug|x86.Build.0 = Debug|Any CPU
		{60AA6505-A573-4AA6-9CC7-DEAA8BC39E8F}.Release|Any CPU.ActiveCfg = Release|Any CPU
		{60AA6505-A573-4AA6-9CC7-DEAA8BC39E8F}.Release|Any CPU.Build.0 = Release|Any CPU
		{60AA6505-A573-4AA6-9CC7-DEAA8BC39E8F}.Release|ARM.ActiveCfg = Release|Any CPU
		{60AA6505-A573-4AA6-9CC7-DEAA8BC39E8F}.Release|ARM.Build.0 = Release|Any CPU
		{60AA6505-A573-4AA6-9CC7-DEAA8BC39E8F}.Release|x64.ActiveCfg = Release|Any CPU
		{60AA6505-A573-4AA6-9CC7-DEAA8BC39E8F}.Release|x64.Build.0 = Release|Any CPU
		{60AA6505-A573-4AA6-9CC7-DEAA8BC39E8F}.Release|x86.ActiveCfg = Release|Any CPU
		{60AA6505-A573-4AA6-9CC7-DEAA8BC39E8F}.Release|x86.Build.0 = Release|Any CPU
		{D99320BF-EF8E-4850-96DB-D8AECE2A5DE7}.Debug|Any CPU.ActiveCfg = Debug|Any CPU
		{D99320BF-EF8E-4850-96DB-D8AECE2A5DE7}.Debug|Any CPU.Build.0 = Debug|Any CPU
		{D99320BF-EF8E-4850-96DB-D8AECE2A5DE7}.Debug|ARM.ActiveCfg = Debug|Any CPU
		{D99320BF-EF8E-4850-96DB-D8AECE2A5DE7}.Debug|ARM.Build.0 = Debug|Any CPU
		{D99320BF-EF8E-4850-96DB-D8AECE2A5DE7}.Debug|x64.ActiveCfg = Debug|Any CPU
		{D99320BF-EF8E-4850-96DB-D8AECE2A5DE7}.Debug|x64.Build.0 = Debug|Any CPU
		{D99320BF-EF8E-4850-96DB-D8AECE2A5DE7}.Debug|x86.ActiveCfg = Debug|Any CPU
		{D99320BF-EF8E-4850-96DB-D8AECE2A5DE7}.Debug|x86.Build.0 = Debug|Any CPU
		{D99320BF-EF8E-4850-96DB-D8AECE2A5DE7}.Release|Any CPU.ActiveCfg = Release|Any CPU
		{D99320BF-EF8E-4850-96DB-D8AECE2A5DE7}.Release|Any CPU.Build.0 = Release|Any CPU
		{D99320BF-EF8E-4850-96DB-D8AECE2A5DE7}.Release|ARM.ActiveCfg = Release|Any CPU
		{D99320BF-EF8E-4850-96DB-D8AECE2A5DE7}.Release|ARM.Build.0 = Release|Any CPU
		{D99320BF-EF8E-4850-96DB-D8AECE2A5DE7}.Release|x64.ActiveCfg = Release|Any CPU
		{D99320BF-EF8E-4850-96DB-D8AECE2A5DE7}.Release|x64.Build.0 = Release|Any CPU
		{D99320BF-EF8E-4850-96DB-D8AECE2A5DE7}.Release|x86.ActiveCfg = Release|Any CPU
		{D99320BF-EF8E-4850-96DB-D8AECE2A5DE7}.Release|x86.Build.0 = Release|Any CPU
	EndGlobalSection
	GlobalSection(SolutionProperties) = preSolution
		HideSolutionNode = FALSE
	EndGlobalSection
EndGlobal
